
Microsoft Visual Studio Solution File, Format Version 12.00
# Visual Studio Version 16
VisualStudioVersion = 16.0.30104.148
MinimumVisualStudioVersion = 10.0.40219.1
Project("{FAE04EC0-301F-11D3-BF4B-00C04F79EFBC}") = "Knife", "Knife\Knife.csproj", "{70B55903-80FD-49C9-8AF8-734CA15795DC}"
EndProject
Global
	GlobalSection(SolutionConfigurationPlatforms) = preSolution
		Debug|Any CPU = Debug|Any CPU
		Release|Any CPU = Release|Any CPU
	EndGlobalSection
	GlobalSection(ProjectConfigurationPlatforms) = postSolution
		{70B55903-80FD-49C9-8AF8-734CA15795DC}.Debug|Any CPU.ActiveCfg = Debug|Any CPU
		{70B55903-80FD-49C9-8AF8-734CA15795DC}.Debug|Any CPU.Build.0 = Debug|Any CPU
		{70B55903-80FD-49C9-8AF8-734CA15795DC}.Release|Any CPU.ActiveCfg = Release|Any CPU
		{70B55903-80FD-49C9-8AF8-734CA15795DC}.Release|Any CPU.Build.0 = Release|Any CPU
	EndGlobalSection
	GlobalSection(SolutionProperties) = preSolution
		HideSolutionNode = FALSE
	EndGlobalSection
	GlobalSection(ExtensibilityGlobals) = postSolution
		SolutionGuid = {184E87AB-9FD1-4135-9CC0-1FB21633785B}
	EndGlobalSection
EndGlobal
